
Microsoft Visual Studio Solution File, Format Version 12.00
# Visual Studio Version 16
VisualStudioVersion = 16.0.30309.148
MinimumVisualStudioVersion = 10.0.40219.1
Project("{F184B08F-C81C-45F6-A57F-5ABD9991F28F}") = "Inventaris", "Inventaris\Inventaris.vbproj", "{A20064B7-439E-448D-A4B1-F85CFF0F199F}"
EndProject
Project("{54435603-DBB4-11D2-8724-00A0C9A8B90C}") = "InventorySetup", "InventorySetup\InventorySetup.vdproj", "{7E99C456-557B-464A-8775-94DFEB362D20}"
EndProject
Project("{54435603-DBB4-11D2-8724-00A0C9A8B90C}") = "InventoryDevelopment", "InventoryDevelopment\InventoryDevelopment.vdproj", "{D80EBBFA-3D69-4B4F-B6F0-C987102CF66C}"
EndProject
Project("{54435603-DBB4-11D2-8724-00A0C9A8B90C}") = "Inventory-iasa-group", "Inventory-iasa-group\Inventory-iasa-group.vdproj", "{8BC2327A-3942-4C21-B88A-6C9AA454F1C5}"
EndProject
Global
	GlobalSection(SolutionConfigurationPlatforms) = preSolution
		Debug|Any CPU = Debug|Any CPU
		Release|Any CPU = Release|Any CPU
	EndGlobalSection
	GlobalSection(ProjectConfigurationPlatforms) = postSolution
		{A20064B7-439E-448D-A4B1-F85CFF0F199F}.Debug|Any CPU.ActiveCfg = Debug|Any CPU
		{A20064B7-439E-448D-A4B1-F85CFF0F199F}.Debug|Any CPU.Build.0 = Debug|Any CPU
		{A20064B7-439E-448D-A4B1-F85CFF0F199F}.Release|Any CPU.ActiveCfg = Release|Any CPU
		{A20064B7-439E-448D-A4B1-F85CFF0F199F}.Release|Any CPU.Build.0 = Release|Any CPU
		{7E99C456-557B-464A-8775-94DFEB362D20}.Debug|Any CPU.ActiveCfg = Debug
		{7E99C456-557B-464A-8775-94DFEB362D20}.Release|Any CPU.ActiveCfg = Release
		{D80EBBFA-3D69-4B4F-B6F0-C987102CF66C}.Debug|Any CPU.ActiveCfg = Debug
		{D80EBBFA-3D69-4B4F-B6F0-C987102CF66C}.Release|Any CPU.ActiveCfg = Release
		{8BC2327A-3942-4C21-B88A-6C9AA454F1C5}.Debug|Any CPU.ActiveCfg = Debug
		{8BC2327A-3942-4C21-B88A-6C9AA454F1C5}.Release|Any CPU.ActiveCfg = Release
	EndGlobalSection
	GlobalSection(SolutionProperties) = preSolution
		HideSolutionNode = FALSE
	EndGlobalSection
	GlobalSection(ExtensibilityGlobals) = postSolution
		SolutionGuid = {9CAB1144-DE45-422E-B464-B6EE9B25DCA7}
	EndGlobalSection
EndGlobal
